
Microsoft Visual Studio Solution File, Format Version 12.00
# Visual Studio 15
VisualStudioVersion = 15.0.27428.2005
MinimumVisualStudioVersion = 10.0.40219.1
Project("{FAE04EC0-301F-11D3-BF4B-00C04F79EFBC}") = "FDroidRepoParser", "ConsoleApp1\FDroidRepoParser.csproj", "{1FD4BA43-6225-466F-8D3C-D60E1DBD415F}"
EndProject
Global
	GlobalSection(SolutionConfigurationPlatforms) = preSolution
		Debug|Any CPU = Debug|Any CPU
		Release|Any CPU = Release|Any CPU
	EndGlobalSection
	GlobalSection(ProjectConfigurationPlatforms) = postSolution
		{1FD4BA43-6225-466F-8D3C-D60E1DBD415F}.Debug|Any CPU.ActiveCfg = Debug|Any CPU
		{1FD4BA43-6225-466F-8D3C-D60E1DBD415F}.Debug|Any CPU.Build.0 = Debug|Any CPU
		{1FD4BA43-6225-466F-8D3C-D60E1DBD415F}.Release|Any CPU.ActiveCfg = Release|Any CPU
		{1FD4BA43-6225-466F-8D3C-D60E1DBD415F}.Release|Any CPU.Build.0 = Release|Any CPU
	EndGlobalSection
	GlobalSection(SolutionProperties) = preSolution
		HideSolutionNode = FALSE
	EndGlobalSection
	GlobalSection(ExtensibilityGlobals) = postSolution
		SolutionGuid = {3564942B-616D-4DDE-840F-37C072931AB4}
	EndGlobalSection
EndGlobal
